// !$*UTF8*$!
{
	archiveVersion = 1;
	classes = {
	};
	objectVersion = 50;
	objects = {

/* Begin PBXBuildFile section */
		F213A81D24E5C9B90096921A /* AppDelegate.swift in Sources */ = {isa = PBXBuildFile; fileRef = F213A81C24E5C9B90096921A /* AppDelegate.swift */; };
		F213A81F24E5C9B90096921A /* SceneDelegate.swift in Sources */ = {isa = PBXBuildFile; fileRef = F213A81E24E5C9B90096921A /* SceneDelegate.swift */; };
		F213A82124E5C9B90096921A /* ContentView.swift in Sources */ = {isa = PBXBuildFile; fileRef = F213A82024E5C9B90096921A /* ContentView.swift */; };
		F213A82324E5C9BF0096921A /* Assets.xcassets in Resources */ = {isa = PBXBuildFile; fileRef = F213A82224E5C9BF0096921A /* Assets.xcassets */; };
		F213A82624E5C9BF0096921A /* Preview Assets.xcassets in Resources */ = {isa = PBXBuildFile; fileRef = F213A82524E5C9BF0096921A /* Preview Assets.xcassets */; };
		F213A82924E5C9BF0096921A /* LaunchScreen.storyboard in Resources */ = {isa = PBXBuildFile; fileRef = F213A82724E5C9BF0096921A /* LaunchScreen.storyboard */; };
/* End PBXBuildFile section */

/* Begin PBXFileReference section */
		F213A81924E5C9B90096921A /* Card Motion.app */ = {isa = PBXFileReference; explicitFileType = wrapper.application; includeInIndex = 0; path = "Card Motion.app"; sourceTree = BUILT_PRODUCTS_DIR; };
		F213A81C24E5C9B90096921A /* AppDelegate.swift */ = {isa = PBXFileReference; lastKnownFileType = sourcecode.swift; path = AppDelegate.swift; sourceTree = "<group>"; };
		F213A81E24E5C9B90096921A /* SceneDelegate.swift */ = {isa = PBXFileReference; lastKnownFileType = sourcecode.swift; path = SceneDelegate.swift; sourceTree = "<group>"; };
		F213A82024E5C9B90096921A /* ContentView.swift */ = {isa = PBXFileReference; lastKnownFileType = sourcecode.swift; path = ContentView.swift; sourceTree = "<group>"; };
		F213A82224E5C9BF0096921A /* Assets.xcassets */ = {isa = PBXFileReference; lastKnownFileType = folder.assetcatalog; path = Assets.xcassets; sourceTree = "<group>"; };
		F213A82524E5C9BF0096921A /* Preview Assets.xcassets */ = {isa = PBXFileReference; lastKnownFileType = folder.assetcatalog; path = "Preview Assets.xcassets"; sourceTree = "<group>"; };
		F213A82824E5C9BF0096921A /* Base */ = {isa = PBXFileReference; lastKnownFileType = file.storyboard; name = Base; path = Base.lproj/LaunchScreen.storyboard; sourceTree = "<group>"; };
		F213A82A24E5C9BF0096921A /* Info.plist */ = {isa = PBXFileReference; lastKnownFileType = text.plist.xml; path = Info.plist; sourceTree = "<group>"; };
/* End PBXFileReference section */

/* Begin PBXFrameworksBuildPhase section */
		F213A81624E5C9B90096921A /* Frameworks */ = {
			isa = PBXFrameworksBuildPhase;
			buildActionMask = 2147483647;
			files = (
			);
			runOnlyForDeploymentPostprocessing = 0;
		};
/* End PBXFrameworksBuildPhase section */

/* Begin PBXGroup section */
		F213A81024E5C9B90096921A = {
			isa = PBXGroup;
			children = (
				F213A81B24E5C9B90096921A /* Card Motion */,
				F213A81A24E5C9B90096921A /* Products */,
			);
			sourceTree = "<group>";
		};
		F213A81A24E5C9B90096921A /* Products */ = {
			isa = PBXGroup;
			children = (
				F213A81924E5C9B90096921A /* Card Motion.app */,
			);
			name = Products;
			sourceTree = "<group>";
		};
		F213A81B24E5C9B90096921A /* Card Motion */ = {
			isa = PBXGroup;
			children = (
				F213A81C24E5C9B90096921A /* AppDelegate.swift */,
				F213A81E24E5C9B90096921A /* SceneDelegate.swift */,
				F213A82024E5C9B90096921A /* ContentView.swift */,
				F213A82224E5C9BF0096921A /* Assets.xcassets */,
				F213A82724E5C9BF0096921A /* LaunchScreen.storyboard */,
				F213A82A24E5C9BF0096921A /* Info.plist */,
				F213A82424E5C9BF0096921A /* Preview Content */,
			);
			path = "Card Motion";
			sourceTree = "<group>";
		};
		F213A82424E5C9BF0096921A /* Preview Content */ = {
			isa = PBXGroup;
			children = (
				F213A82524E5C9BF0096921A /* Preview Assets.xcassets */,
			);
			path = "Preview Content";
			sourceTree = "<group>";
		};
/* End PBXGroup section */

/* Begin PBXNativeTarget section */
		F213A81824E5C9B90096921A /* Card Motion */ = {
			isa = PBXNativeTarget;
			buildConfigurationList = F213A82D24E5C9BF0096921A /* Build configuration list for PBXNativeTarget "Card Motion" */;
			buildPhases = (
				F213A81524E5C9B90096921A /* Sources */,
				F213A81624E5C9B90096921A /* Frameworks */,
				F213A81724E5C9B90096921A /* Resources */,
			);
			buildRules = (
			);
			dependencies = (
			);
			name = "Card Motion";
			productName = "Card Motion";
			productReference = F213A81924E5C9B90096921A /* Card Motion.app */;
			productType = "com.apple.product-type.application";
		};
/* End PBXNativeTarget section */

/* Begin PBXProject section */
		F213A81124E5C9B90096921A /* Project object */ = {
			isa = PBXProject;
			attributes = {
				LastSwiftUpdateCheck = 1160;
				LastUpgradeCheck = 1160;
				ORGANIZATIONNAME = "Joselson Dias";
				TargetAttributes = {
					F213A81824E5C9B90096921A = {
						CreatedOnToolsVersion = 11.6;
					};
				};
			};
			buildConfigurationList = F213A81424E5C9B90096921A /* Build configuration list for PBXProject "Card Motion" */;
			compatibilityVersion = "Xcode 9.3";
			developmentRegion = en;
			hasScannedForEncodings = 0;
			knownRegions = (
				en,
				Base,
			);
			mainGroup = F213A81024E5C9B90096921A;
			productRefGroup = F213A81A24E5C9B90096921A /* Products */;
			projectDirPath = "";
			projectRoot = "";
			targets = (
				F213A81824E5C9B90096921A /* Card Motion */,
			);
		};
/* End PBXProject section */

/* Begin PBXResourcesBuildPhase section */
		F213A81724E5C9B90096921A /* Resources */ = {
			isa = PBXResourcesBuildPhase;
			buildActionMask = 2147483647;
			files = (
				F213A82924E5C9BF0096921A /* LaunchScreen.storyboard in Resources */,
				F213A82624E5C9BF0096921A /* Preview Assets.xcassets in Resources */,
				F213A82324E5C9BF0096921A /* Assets.xcassets in Resources */,
			);
			runOnlyForDeploymentPostprocessing = 0;
		};
/* End PBXResourcesBuildPhase section */

/* Begin PBXSourcesBuildPhase section */
		F213A81524E5C9B90096921A /* Sources */ = {
			isa = PBXSourcesBuildPhase;
			buildActionMask = 2147483647;
			files = (
				F213A81D24E5C9B90096921A /* AppDelegate.swift in Sources */,
				F213A81F24E5C9B90096921A /* SceneDelegate.swift in Sources */,
				F213A82124E5C9B90096921A /* ContentView.swift in Sources */,
			);
			runOnlyForDeploymentPostprocessing = 0;
		};
/* End PBXSourcesBuildPhase section */

/* Begin PBXVariantGroup section */
		F213A82724E5C9BF0096921A /* LaunchScreen.storyboard */ = {
			isa = PBXVariantGroup;
			children = (
				F213A82824E5C9BF0096921A /* Base */,
			);
			name = LaunchScreen.storyboard;
			sourceTree = "<group>";
		};
/* End PBXVariantGroup section */

/* Begin XCBuildConfiguration section */
		F213A82B24E5C9BF0096921A /* Debug */ = {
			isa = XCBuildConfiguration;
			buildSettings = {
				ALWAYS_SEARCH_USER_PATHS = NO;
				CLANG_ANALYZER_NONNULL = YES;
				CLANG_ANALYZER_NUMBER_OBJECT_CONVERSION = YES_AGGRESSIVE;
				CLANG_CXX_LANGUAGE_STANDARD = "gnu++14";
				CLANG_CXX_LIBRARY = "libc++";
				CLANG_ENABLE_MODULES = YES;
				CLANG_ENABLE_OBJC_ARC = YES;
				CLANG_ENABLE_OBJC_WEAK = YES;
				CLANG_WARN_BLOCK_CAPTURE_AUTORELEASING = YES;
				CLANG_WARN_BOOL_CONVERSION = YES;
				CLANG_WARN_COMMA = YES;
				CLANG_WARN_CONSTANT_CONVERSION = YES;
				CLANG_WARN_DEPRECATED_OBJC_IMPLEMENTATIONS = YES;
				CLANG_WARN_DIRECT_OBJC_ISA_USAGE = YES_ERROR;
				CLANG_WARN_DOCUMENTATION_COMMENTS = YES;
				CLANG_WARN_EMPTY_BODY = YES;
				CLANG_WARN_ENUM_CONVERSION = YES;
				CLANG_WARN_INFINITE_RECURSION = YES;
				CLANG_WARN_INT_CONVERSION = YES;
				CLANG_WARN_NON_LITERAL_NULL_CONVERSION = YES;
				CLANG_WARN_OBJC_IMPLICIT_RETAIN_SELF = YES;
				CLANG_WARN_OBJC_LITERAL_CONVERSION = YES;
				CLANG_WARN_OBJC_ROOT_CLASS = YES_ERROR;
				CLANG_WARN_RANGE_LOOP_ANALYSIS = YES;
				CLANG_WARN_STRICT_PROTOTYPES = YES;
				CLANG_WARN_SUSPICIOUS_MOVE = YES;
				CLANG_WARN_UNGUARDED_AVAILABILITY = YES_AGGRESSIVE;
				CLANG_WARN_UNREACHABLE_CODE = YES;
				CLANG_WARN__DUPLICATE_METHOD_MATCH = YES;
				COPY_PHASE_STRIP = NO;
				DEBUG_INFORMATION_FORMAT = dwarf;
				ENABLE_STRICT_OBJC_MSGSEND = YES;
				ENABLE_TESTABILITY = YES;
				GCC_C_LANGUAGE_STANDARD = gnu11;
				GCC_DYNAMIC_NO_PIC = NO;
				GCC_NO_COMMON_BLOCKS = YES;
				GCC_OPTIMIZATION_LEVEL = 0;
				GCC_PREPROCESSOR_DEFINITIONS = (
					"DEBUG=1",
					"$(inherited)",
				);
				GCC_WARN_64_TO_32_BIT_CONVERSION = YES;
				GCC_WARN_ABOUT_RETURN_TYPE = YES_ERROR;
				GCC_WARN_UNDECLARED_SELECTOR = YES;
				GCC_WARN_UNINITIALIZED_AUTOS = YES_AGGRESSIVE;
				GCC_WARN_UNUSED_FUNCTION = YES;
				GCC_WARN_UNUSED_VARIABLE = YES;
				IPHONEOS_DEPLOYMENT_TARGET = 13.6;
				MTL_ENABLE_DEBUG_INFO = INCLUDE_SOURCE;
				MTL_FAST_MATH = YES;
				ONLY_ACTIVE_ARCH = YES;
				SDKROOT = iphoneos;
				SWIFT_ACTIVE_COMPILATION_CONDITIONS = DEBUG;
				SWIFT_OPTIMIZATION_LEVEL = "-Onone";
			};
			name = Debug;
		};
		F213A82C24E5C9BF0096921A /* Release */ = {
			isa = XCBuildConfiguration;
			buildSettings = {
				ALWAYS_SEARCH_USER_PATHS = NO;
				CLANG_ANALYZER_NONNULL = YES;
				CLANG_ANALYZER_NUMBER_OBJECT_CONVERSION = YES_AGGRESSIVE;
				CLANG_CXX_LANGUAGE_STANDARD = "gnu++14";
				CLANG_CXX_LIBRARY = "libc++";
				CLANG_ENABLE_MODULES = YES;
				CLANG_ENABLE_OBJC_ARC = YES;
				CLANG_ENABLE_OBJC_WEAK = YES;
				CLANG_WARN_BLOCK_CAPTURE_AUTORELEASING = YES;
				CLANG_WARN_BOOL_CONVERSION = YES;
				CLANG_WARN_COMMA = YES;
				CLANG_WARN_CONSTANT_CONVERSION = YES;
				CLANG_WARN_DEPRECATED_OBJC_IMPLEMENTATIONS = YES;
				CLANG_WARN_DIRECT_OBJC_ISA_USAGE = YES_ERROR;
				CLANG_WARN_DOCUMENTATION_COMMENTS = YES;
				CLANG_WARN_EMPTY_BODY = YES;
				CLANG_WARN_ENUM_CONVERSION = YES;
				CLANG_WARN_INFINITE_RECURSION = YES;
				CLANG_WARN_INT_CONVERSION = YES;
				CLANG_WARN_NON_LITERAL_NULL_CONVERSION = YES;
				CLANG_WARN_OBJC_IMPLICIT_RETAIN_SELF = YES;
				CLANG_WARN_OBJC_LITERAL_CONVERSION = YES;
				CLANG_WARN_OBJC_ROOT_CLASS = YES_ERROR;
				CLANG_WARN_RANGE_LOOP_ANALYSIS = YES;
				CLANG_WARN_STRICT_PROTOTYPES = YES;
				CLANG_WARN_SUSPICIOUS_MOVE = YES;
				CLANG_WARN_UNGUARDED_AVAILABILITY = YES_AGGRESSIVE;
				CLANG_WARN_UNREACHABLE_CODE = YES;
				CLANG_WARN__DUPLICATE_METHOD_MATCH = YES;
				COPY_PHASE_STRIP = NO;
				DEBUG_INFORMATION_FORMAT = "dwarf-with-dsym";
				ENABLE_NS_ASSERTIONS = NO;
				ENABLE_STRICT_OBJC_MSGSEND = YES;
				GCC_C_LANGUAGE_STANDARD = gnu11;
				GCC_NO_COMMON_BLOCKS = YES;
				GCC_WARN_64_TO_32_BIT_CONVERSION = YES;
				GCC_WARN_ABOUT_RETURN_TYPE = YES_ERROR;
				GCC_WARN_UNDECLARED_SELECTOR = YES;
				GCC_WARN_UNINITIALIZED_AUTOS = YES_AGGRESSIVE;
				GCC_WARN_UNUSED_FUNCTION = YES;
				GCC_WARN_UNUSED_VARIABLE = YES;
				IPHONEOS_DEPLOYMENT_TARGET = 13.6;
				MTL_ENABLE_DEBUG_INFO = NO;
				MTL_FAST_MATH = YES;
				SDKROOT = iphoneos;
				SWIFT_COMPILATION_MODE = wholemodule;
				SWIFT_OPTIMIZATION_LEVEL = "-O";
				VALIDATE_PRODUCT = YES;
			};
			name = Release;
		};
		F213A82E24E5C9BF0096921A /* Debug */ = {
			isa = XCBuildConfiguration;
			buildSettings = {
				ASSETCATALOG_COMPILER_APPICON_NAME = AppIcon;
				CODE_SIGN_STYLE = Automatic;
				DEVELOPMENT_ASSET_PATHS = "\"Card Motion/Preview Content\"";
				DEVELOPMENT_TEAM = 54272CAZ82;
				ENABLE_PREVIEWS = YES;
				INFOPLIST_FILE = "Card Motion/Info.plist";
				LD_RUNPATH_SEARCH_PATHS = (
					"$(inherited)",
					"@executable_path/Frameworks",
				);
				PRODUCT_BUNDLE_IDENTIFIER = "com.joselson.Card-Motion";
				PRODUCT_NAME = "$(TARGET_NAME)";
				SWIFT_VERSION = 5.0;
				TARGETED_DEVICE_FAMILY = "1,2";
			};
			name = Debug;
		};
		F213A82F24E5C9BF0096921A /* Release */ = {
			isa = XCBuildConfiguration;
			buildSettings = {
				ASSETCATALOG_COMPILER_APPICON_NAME = AppIcon;
				CODE_SIGN_STYLE = Automatic;
				DEVELOPMENT_ASSET_PATHS = "\"Card Motion/Preview Content\"";
				DEVELOPMENT_TEAM = 54272CAZ82;
				ENABLE_PREVIEWS = YES;
				INFOPLIST_FILE = "Card Motion/Info.plist";
				LD_RUNPATH_SEARCH_PATHS = (
					"$(inherited)",
					"@executable_path/Frameworks",
				);
				PRODUCT_BUNDLE_IDENTIFIER = "com.joselson.Card-Motion";
				PRODUCT_NAME = "$(TARGET_NAME)";
				SWIFT_VERSION = 5.0;
				TARGETED_DEVICE_FAMILY = "1,2";
			};
			name = Release;
		};
/* End XCBuildConfiguration section */

/* Begin XCConfigurationList section */
		F213A81424E5C9B90096921A /* Build configuration list for PBXProject "Card Motion" */ = {
			isa = XCConfigurationList;
			buildConfigurations = (
				F213A82B24E5C9BF0096921A /* Debug */,
				F213A82C24E5C9BF0096921A /* Release */,
			);
			defaultConfigurationIsVisible = 0;
			defaultConfigurationName = Release;
		};
		F213A82D24E5C9BF0096921A /* Build configuration list for PBXNativeTarget "Card Motion" */ = {
			isa = XCConfigurationList;
			buildConfigurations = (
				F213A82E24E5C9BF0096921A /* Debug */,
				F213A82F24E5C9BF0096921A /* Release */,
			);
			defaultConfigurationIsVisible = 0;
			defaultConfigurationName = Release;
		};
/* End XCConfigurationList section */
	};
	rootObject = F213A81124E5C9B90096921A /* Project object */;
}
